// !$*UTF8*$!
{
	archiveVersion = 1;
	classes = {
	};
	objectVersion = 50;
	objects = {

/* Begin PBXBuildFile section */
		9BD998BF21F301E9008AC871 /* AppDelegate.swift in Sources */ = {isa = PBXBuildFile; fileRef = 9BD998BE21F301E9008AC871 /* AppDelegate.swift */; };
		9BD998C121F301E9008AC871 /* ViewController.swift in Sources */ = {isa = PBXBuildFile; fileRef = 9BD998C021F301E9008AC871 /* ViewController.swift */; };
		9BD998C421F301E9008AC871 /* Main.storyboard in Resources */ = {isa = PBXBuildFile; fileRef = 9BD998C221F301E9008AC871 /* Main.storyboard */; };
		9BD998C621F301EB008AC871 /* Assets.xcassets in Resources */ = {isa = PBXBuildFile; fileRef = 9BD998C521F301EB008AC871 /* Assets.xcassets */; };
		9BD998C921F301EB008AC871 /* LaunchScreen.storyboard in Resources */ = {isa = PBXBuildFile; fileRef = 9BD998C721F301EB008AC871 /* LaunchScreen.storyboard */; };
		9BD998D421F301EB008AC871 /* SHNetworlLayerTests.swift in Sources */ = {isa = PBXBuildFile; fileRef = 9BD998D321F301EB008AC871 /* SHNetworlLayerTests.swift */; };
		9BD998E021F37D1A008AC871 /* SHRestClient.swift in Sources */ = {isa = PBXBuildFile; fileRef = 9BD998DF21F37D1A008AC871 /* SHRestClient.swift */; };
		9BD998E621F387FC008AC871 /* User.swift in Sources */ = {isa = PBXBuildFile; fileRef = 9BD998E521F387FC008AC871 /* User.swift */; };
		9BD998E721F387FC008AC871 /* User.swift in Sources */ = {isa = PBXBuildFile; fileRef = 9BD998E521F387FC008AC871 /* User.swift */; };
		9BD998E921F389FE008AC871 /* Article.swift in Sources */ = {isa = PBXBuildFile; fileRef = 9BD998E821F389FE008AC871 /* Article.swift */; };
		9BD998EA21F389FE008AC871 /* Article.swift in Sources */ = {isa = PBXBuildFile; fileRef = 9BD998E821F389FE008AC871 /* Article.swift */; };
		9BD998EC21F38A37008AC871 /* Category.swift in Sources */ = {isa = PBXBuildFile; fileRef = 9BD998EB21F38A37008AC871 /* Category.swift */; };
		9BD998ED21F38A37008AC871 /* Category.swift in Sources */ = {isa = PBXBuildFile; fileRef = 9BD998EB21F38A37008AC871 /* Category.swift */; };
		9BD998EF21F38A80008AC871 /* DateFormatter.swift in Sources */ = {isa = PBXBuildFile; fileRef = 9BD998EE21F38A80008AC871 /* DateFormatter.swift */; };
		9BD998F021F38A80008AC871 /* DateFormatter.swift in Sources */ = {isa = PBXBuildFile; fileRef = 9BD998EE21F38A80008AC871 /* DateFormatter.swift */; };
		9BD998F221F3AC41008AC871 /* APIRouteConfiguration.swift in Sources */ = {isa = PBXBuildFile; fileRef = 9BD998F121F3AC41008AC871 /* APIRouteConfiguration.swift */; };
		9BD998F321F3AC41008AC871 /* APIRouteConfiguration.swift in Sources */ = {isa = PBXBuildFile; fileRef = 9BD998F121F3AC41008AC871 /* APIRouteConfiguration.swift */; };
		9BD998F821F3B2BD008AC871 /* UserEndPoints.swift in Sources */ = {isa = PBXBuildFile; fileRef = 9BD998F721F3B2BD008AC871 /* UserEndPoints.swift */; };
		9BD998F921F3B2BD008AC871 /* UserEndPoints.swift in Sources */ = {isa = PBXBuildFile; fileRef = 9BD998F721F3B2BD008AC871 /* UserEndPoints.swift */; };
		9BD998FB21F3B55F008AC871 /* JobEndpoints.swift in Sources */ = {isa = PBXBuildFile; fileRef = 9BD998FA21F3B55F008AC871 /* JobEndpoints.swift */; };
		9BD998FC21F3B55F008AC871 /* JobEndpoints.swift in Sources */ = {isa = PBXBuildFile; fileRef = 9BD998FA21F3B55F008AC871 /* JobEndpoints.swift */; };
		9BD998FE21F3C7AC008AC871 /* Job.swift in Sources */ = {isa = PBXBuildFile; fileRef = 9BD998FD21F3C7AC008AC871 /* Job.swift */; };
		9BD998FF21F3C7AC008AC871 /* Job.swift in Sources */ = {isa = PBXBuildFile; fileRef = 9BD998FD21F3C7AC008AC871 /* Job.swift */; };
		9BD9990121F45BE3008AC871 /* WorkItems.swift in Sources */ = {isa = PBXBuildFile; fileRef = 9BD9990021F45BE3008AC871 /* WorkItems.swift */; };
		9BD9990221F45BE3008AC871 /* WorkItems.swift in Sources */ = {isa = PBXBuildFile; fileRef = 9BD9990021F45BE3008AC871 /* WorkItems.swift */; };
		E4345F8A094566AFE01C6F48 /* Pods_SHNetworlLayerTests.framework in Frameworks */ = {isa = PBXBuildFile; fileRef = F44E7164CCFB7883E2BEFECB /* Pods_SHNetworlLayerTests.framework */; };
		F4CFBB6C5074B20CC2149333 /* Pods_SHNetworlLayer.framework in Frameworks */ = {isa = PBXBuildFile; fileRef = B435726E7CB9C4A0A335F207 /* Pods_SHNetworlLayer.framework */; };
/* End PBXBuildFile section */

/* Begin PBXContainerItemProxy section */
		9BD998D021F301EB008AC871 /* PBXContainerItemProxy */ = {
			isa = PBXContainerItemProxy;
			containerPortal = 9BD998B321F301E9008AC871 /* Project object */;
			proxyType = 1;
			remoteGlobalIDString = 9BD998BA21F301E9008AC871;
			remoteInfo = SHNetworlLayer;
		};
/* End PBXContainerItemProxy section */

/* Begin PBXFileReference section */
		20B98297B7665415F613F6ED /* Pods-SHNetworlLayerTests.debug.xcconfig */ = {isa = PBXFileReference; includeInIndex = 1; lastKnownFileType = text.xcconfig; name = "Pods-SHNetworlLayerTests.debug.xcconfig"; path = "Pods/Target Support Files/Pods-SHNetworlLayerTests/Pods-SHNetworlLayerTests.debug.xcconfig"; sourceTree = "<group>"; };
		5936C5CC24324BA7A0AF6A6A /* Pods-SHNetworlLayerTests.release.xcconfig */ = {isa = PBXFileReference; includeInIndex = 1; lastKnownFileType = text.xcconfig; name = "Pods-SHNetworlLayerTests.release.xcconfig"; path = "Pods/Target Support Files/Pods-SHNetworlLayerTests/Pods-SHNetworlLayerTests.release.xcconfig"; sourceTree = "<group>"; };
		828149DEF8D99D3A47F8575B /* Pods-SHNetworlLayer.release.xcconfig */ = {isa = PBXFileReference; includeInIndex = 1; lastKnownFileType = text.xcconfig; name = "Pods-SHNetworlLayer.release.xcconfig"; path = "Pods/Target Support Files/Pods-SHNetworlLayer/Pods-SHNetworlLayer.release.xcconfig"; sourceTree = "<group>"; };
		9BD998BB21F301E9008AC871 /* SHNetworlLayer.app */ = {isa = PBXFileReference; explicitFileType = wrapper.application; includeInIndex = 0; path = SHNetworlLayer.app; sourceTree = BUILT_PRODUCTS_DIR; };
		9BD998BE21F301E9008AC871 /* AppDelegate.swift */ = {isa = PBXFileReference; lastKnownFileType = sourcecode.swift; path = AppDelegate.swift; sourceTree = "<group>"; };
		9BD998C021F301E9008AC871 /* ViewController.swift */ = {isa = PBXFileReference; lastKnownFileType = sourcecode.swift; path = ViewController.swift; sourceTree = "<group>"; };
		9BD998C321F301E9008AC871 /* Base */ = {isa = PBXFileReference; lastKnownFileType = file.storyboard; name = Base; path = Base.lproj/Main.storyboard; sourceTree = "<group>"; };
		9BD998C521F301EB008AC871 /* Assets.xcassets */ = {isa = PBXFileReference; lastKnownFileType = folder.assetcatalog; path = Assets.xcassets; sourceTree = "<group>"; };
		9BD998C821F301EB008AC871 /* Base */ = {isa = PBXFileReference; lastKnownFileType = file.storyboard; name = Base; path = Base.lproj/LaunchScreen.storyboard; sourceTree = "<group>"; };
		9BD998CA21F301EB008AC871 /* Info.plist */ = {isa = PBXFileReference; lastKnownFileType = text.plist.xml; path = Info.plist; sourceTree = "<group>"; };
		9BD998CF21F301EB008AC871 /* SHNetworlLayerTests.xctest */ = {isa = PBXFileReference; explicitFileType = wrapper.cfbundle; includeInIndex = 0; path = SHNetworlLayerTests.xctest; sourceTree = BUILT_PRODUCTS_DIR; };
		9BD998D321F301EB008AC871 /* SHNetworlLayerTests.swift */ = {isa = PBXFileReference; lastKnownFileType = sourcecode.swift; path = SHNetworlLayerTests.swift; sourceTree = "<group>"; };
		9BD998D521F301EB008AC871 /* Info.plist */ = {isa = PBXFileReference; lastKnownFileType = text.plist.xml; path = Info.plist; sourceTree = "<group>"; };
		9BD998DF21F37D1A008AC871 /* SHRestClient.swift */ = {isa = PBXFileReference; lastKnownFileType = sourcecode.swift; path = SHRestClient.swift; sourceTree = "<group>"; };
		9BD998E521F387FC008AC871 /* User.swift */ = {isa = PBXFileReference; lastKnownFileType = sourcecode.swift; path = User.swift; sourceTree = "<group>"; };
		9BD998E821F389FE008AC871 /* Article.swift */ = {isa = PBXFileReference; lastKnownFileType = sourcecode.swift; path = Article.swift; sourceTree = "<group>"; };
		9BD998EB21F38A37008AC871 /* Category.swift */ = {isa = PBXFileReference; lastKnownFileType = sourcecode.swift; path = Category.swift; sourceTree = "<group>"; };
		9BD998EE21F38A80008AC871 /* DateFormatter.swift */ = {isa = PBXFileReference; lastKnownFileType = sourcecode.swift; path = DateFormatter.swift; sourceTree = "<group>"; };
		9BD998F121F3AC41008AC871 /* APIRouteConfiguration.swift */ = {isa = PBXFileReference; lastKnownFileType = sourcecode.swift; path = APIRouteConfiguration.swift; sourceTree = "<group>"; };
		9BD998F721F3B2BD008AC871 /* UserEndPoints.swift */ = {isa = PBXFileReference; lastKnownFileType = sourcecode.swift; path = UserEndPoints.swift; sourceTree = "<group>"; };
		9BD998FA21F3B55F008AC871 /* JobEndpoints.swift */ = {isa = PBXFileReference; lastKnownFileType = sourcecode.swift; path = JobEndpoints.swift; sourceTree = "<group>"; };
		9BD998FD21F3C7AC008AC871 /* Job.swift */ = {isa = PBXFileReference; lastKnownFileType = sourcecode.swift; path = Job.swift; sourceTree = "<group>"; };
		9BD9990021F45BE3008AC871 /* WorkItems.swift */ = {isa = PBXFileReference; lastKnownFileType = sourcecode.swift; path = WorkItems.swift; sourceTree = "<group>"; };
		B435726E7CB9C4A0A335F207 /* Pods_SHNetworlLayer.framework */ = {isa = PBXFileReference; explicitFileType = wrapper.framework; includeInIndex = 0; path = Pods_SHNetworlLayer.framework; sourceTree = BUILT_PRODUCTS_DIR; };
		CE3B28D07FF77C8AF6715A30 /* Pods-SHNetworlLayer.debug.xcconfig */ = {isa = PBXFileReference; includeInIndex = 1; lastKnownFileType = text.xcconfig; name = "Pods-SHNetworlLayer.debug.xcconfig"; path = "Pods/Target Support Files/Pods-SHNetworlLayer/Pods-SHNetworlLayer.debug.xcconfig"; sourceTree = "<group>"; };
		F44E7164CCFB7883E2BEFECB /* Pods_SHNetworlLayerTests.framework */ = {isa = PBXFileReference; explicitFileType = wrapper.framework; includeInIndex = 0; path = Pods_SHNetworlLayerTests.framework; sourceTree = BUILT_PRODUCTS_DIR; };
/* End PBXFileReference section */

/* Begin PBXFrameworksBuildPhase section */
		9BD998B821F301E9008AC871 /* Frameworks */ = {
			isa = PBXFrameworksBuildPhase;
			buildActionMask = 2147483647;
			files = (
				F4CFBB6C5074B20CC2149333 /* Pods_SHNetworlLayer.framework in Frameworks */,
			);
			runOnlyForDeploymentPostprocessing = 0;
		};
		9BD998CC21F301EB008AC871 /* Frameworks */ = {
			isa = PBXFrameworksBuildPhase;
			buildActionMask = 2147483647;
			files = (
				E4345F8A094566AFE01C6F48 /* Pods_SHNetworlLayerTests.framework in Frameworks */,
			);
			runOnlyForDeploymentPostprocessing = 0;
		};
/* End PBXFrameworksBuildPhase section */

/* Begin PBXGroup section */
		0C069FADA9E0C35130EBF07A /* Frameworks */ = {
			isa = PBXGroup;
			children = (
				B435726E7CB9C4A0A335F207 /* Pods_SHNetworlLayer.framework */,
				F44E7164CCFB7883E2BEFECB /* Pods_SHNetworlLayerTests.framework */,
			);
			name = Frameworks;
			sourceTree = "<group>";
		};
		9BD998B221F301E9008AC871 = {
			isa = PBXGroup;
			children = (
				9BD998BD21F301E9008AC871 /* SHNetworlLayer */,
				9BD998D221F301EB008AC871 /* SHNetworlLayerTests */,
				9BD998BC21F301E9008AC871 /* Products */,
				F66D187498CDF7F9A9A8DE35 /* Pods */,
				0C069FADA9E0C35130EBF07A /* Frameworks */,
			);
			sourceTree = "<group>";
		};
		9BD998BC21F301E9008AC871 /* Products */ = {
			isa = PBXGroup;
			children = (
				9BD998BB21F301E9008AC871 /* SHNetworlLayer.app */,
				9BD998CF21F301EB008AC871 /* SHNetworlLayerTests.xctest */,
			);
			name = Products;
			sourceTree = "<group>";
		};
		9BD998BD21F301E9008AC871 /* SHNetworlLayer */ = {
			isa = PBXGroup;
			children = (
				9BD998E421F387DE008AC871 /* Models */,
				9BD998DE21F37CC9008AC871 /* APIClient */,
				9BD998BE21F301E9008AC871 /* AppDelegate.swift */,
				9BD998C021F301E9008AC871 /* ViewController.swift */,
				9BD998C221F301E9008AC871 /* Main.storyboard */,
				9BD998C521F301EB008AC871 /* Assets.xcassets */,
				9BD998C721F301EB008AC871 /* LaunchScreen.storyboard */,
				9BD998CA21F301EB008AC871 /* Info.plist */,
			);
			path = SHNetworlLayer;
			sourceTree = "<group>";
		};
		9BD998D221F301EB008AC871 /* SHNetworlLayerTests */ = {
			isa = PBXGroup;
			children = (
				9BD998D321F301EB008AC871 /* SHNetworlLayerTests.swift */,
				9BD998D521F301EB008AC871 /* Info.plist */,
			);
			path = SHNetworlLayerTests;
			sourceTree = "<group>";
		};
		9BD998DE21F37CC9008AC871 /* APIClient */ = {
			isa = PBXGroup;
			children = (
				9BD998DF21F37D1A008AC871 /* SHRestClient.swift */,
				9BD998F121F3AC41008AC871 /* APIRouteConfiguration.swift */,
				9BD998F721F3B2BD008AC871 /* UserEndPoints.swift */,
				9BD998FA21F3B55F008AC871 /* JobEndpoints.swift */,
			);
			path = APIClient;
			sourceTree = "<group>";
		};
		9BD998E421F387DE008AC871 /* Models */ = {
			isa = PBXGroup;
			children = (
				9BD998E521F387FC008AC871 /* User.swift */,
				9BD998E821F389FE008AC871 /* Article.swift */,
				9BD998EB21F38A37008AC871 /* Category.swift */,
				9BD998EE21F38A80008AC871 /* DateFormatter.swift */,
				9BD998FD21F3C7AC008AC871 /* Job.swift */,
				9BD9990021F45BE3008AC871 /* WorkItems.swift */,
			);
			path = Models;
			sourceTree = "<group>";
		};
		F66D187498CDF7F9A9A8DE35 /* Pods */ = {
			isa = PBXGroup;
			children = (
				CE3B28D07FF77C8AF6715A30 /* Pods-SHNetworlLayer.debug.xcconfig */,
				828149DEF8D99D3A47F8575B /* Pods-SHNetworlLayer.release.xcconfig */,
				20B98297B7665415F613F6ED /* Pods-SHNetworlLayerTests.debug.xcconfig */,
				5936C5CC24324BA7A0AF6A6A /* Pods-SHNetworlLayerTests.release.xcconfig */,
			);
			name = Pods;
			sourceTree = "<group>";
		};
/* End PBXGroup section */

/* Begin PBXNativeTarget section */
		9BD998BA21F301E9008AC871 /* SHNetworlLayer */ = {
			isa = PBXNativeTarget;
			buildConfigurationList = 9BD998D821F301EB008AC871 /* Build configuration list for PBXNativeTarget "SHNetworlLayer" */;
			buildPhases = (
				BAD36557DE7B5574379E247A /* [CP] Check Pods Manifest.lock */,
				9BD998B721F301E9008AC871 /* Sources */,
				9BD998B821F301E9008AC871 /* Frameworks */,
				9BD998B921F301E9008AC871 /* Resources */,
				6D5BED7E4285F9EF21AC1D34 /* [CP] Embed Pods Frameworks */,
			);
			buildRules = (
			);
			dependencies = (
			);
			name = SHNetworlLayer;
			productName = SHNetworlLayer;
			productReference = 9BD998BB21F301E9008AC871 /* SHNetworlLayer.app */;
			productType = "com.apple.product-type.application";
		};
		9BD998CE21F301EB008AC871 /* SHNetworlLayerTests */ = {
			isa = PBXNativeTarget;
			buildConfigurationList = 9BD998DB21F301EB008AC871 /* Build configuration list for PBXNativeTarget "SHNetworlLayerTests" */;
			buildPhases = (
				1F2F39CCDD1452465B0A8F1B /* [CP] Check Pods Manifest.lock */,
				9BD998CB21F301EB008AC871 /* Sources */,
				9BD998CC21F301EB008AC871 /* Frameworks */,
				9BD998CD21F301EB008AC871 /* Resources */,
			);
			buildRules = (
			);
			dependencies = (
				9BD998D121F301EB008AC871 /* PBXTargetDependency */,
			);
			name = SHNetworlLayerTests;
			productName = SHNetworlLayerTests;
			productReference = 9BD998CF21F301EB008AC871 /* SHNetworlLayerTests.xctest */;
			productType = "com.apple.product-type.bundle.unit-test";
		};
/* End PBXNativeTarget section */

/* Begin PBXProject section */
		9BD998B321F301E9008AC871 /* Project object */ = {
			isa = PBXProject;
			attributes = {
				LastSwiftUpdateCheck = 1010;
				LastUpgradeCheck = 1010;
				ORGANIZATIONNAME = shashi;
				TargetAttributes = {
					9BD998BA21F301E9008AC871 = {
						CreatedOnToolsVersion = 10.1;
					};
					9BD998CE21F301EB008AC871 = {
						CreatedOnToolsVersion = 10.1;
						TestTargetID = 9BD998BA21F301E9008AC871;
					};
				};
			};
			buildConfigurationList = 9BD998B621F301E9008AC871 /* Build configuration list for PBXProject "SHNetworlLayer" */;
			compatibilityVersion = "Xcode 9.3";
			developmentRegion = en;
			hasScannedForEncodings = 0;
			knownRegions = (
				en,
				Base,
			);
			mainGroup = 9BD998B221F301E9008AC871;
			productRefGroup = 9BD998BC21F301E9008AC871 /* Products */;
			projectDirPath = "";
			projectRoot = "";
			targets = (
				9BD998BA21F301E9008AC871 /* SHNetworlLayer */,
				9BD998CE21F301EB008AC871 /* SHNetworlLayerTests */,
			);
		};
/* End PBXProject section */

/* Begin PBXResourcesBuildPhase section */
		9BD998B921F301E9008AC871 /* Resources */ = {
			isa = PBXResourcesBuildPhase;
			buildActionMask = 2147483647;
			files = (
				9BD998C921F301EB008AC871 /* LaunchScreen.storyboard in Resources */,
				9BD998C621F301EB008AC871 /* Assets.xcassets in Resources */,
				9BD998C421F301E9008AC871 /* Main.storyboard in Resources */,
			);
			runOnlyForDeploymentPostprocessing = 0;
		};
		9BD998CD21F301EB008AC871 /* Resources */ = {
			isa = PBXResourcesBuildPhase;
			buildActionMask = 2147483647;
			files = (
			);
			runOnlyForDeploymentPostprocessing = 0;
		};
/* End PBXResourcesBuildPhase section */

/* Begin PBXShellScriptBuildPhase section */
		1F2F39CCDD1452465B0A8F1B /* [CP] Check Pods Manifest.lock */ = {
			isa = PBXShellScriptBuildPhase;
			buildActionMask = 2147483647;
			files = (
			);
			inputFileListPaths = (
			);
			inputPaths = (
				"${PODS_PODFILE_DIR_PATH}/Podfile.lock",
				"${PODS_ROOT}/Manifest.lock",
			);
			name = "[CP] Check Pods Manifest.lock";
			outputFileListPaths = (
			);
			outputPaths = (
				"$(DERIVED_FILE_DIR)/Pods-SHNetworlLayerTests-checkManifestLockResult.txt",
			);
			runOnlyForDeploymentPostprocessing = 0;
			shellPath = /bin/sh;
			shellScript = "diff \"${PODS_PODFILE_DIR_PATH}/Podfile.lock\" \"${PODS_ROOT}/Manifest.lock\" > /dev/null\nif [ $? != 0 ] ; then\n    # print error to STDERR\n    echo \"error: The sandbox is not in sync with the Podfile.lock. Run 'pod install' or update your CocoaPods installation.\" >&2\n    exit 1\nfi\n# This output is used by Xcode 'outputs' to avoid re-running this script phase.\necho \"SUCCESS\" > \"${SCRIPT_OUTPUT_FILE_0}\"\n";
			showEnvVarsInLog = 0;
		};
		6D5BED7E4285F9EF21AC1D34 /* [CP] Embed Pods Frameworks */ = {
			isa = PBXShellScriptBuildPhase;
			buildActionMask = 2147483647;
			files = (
			);
			inputFileListPaths = (
			);
			inputPaths = (
				"${SRCROOT}/Pods/Target Support Files/Pods-SHNetworlLayer/Pods-SHNetworlLayer-frameworks.sh",
				"${BUILT_PRODUCTS_DIR}/Alamofire/Alamofire.framework",
			);
			name = "[CP] Embed Pods Frameworks";
			outputFileListPaths = (
			);
			outputPaths = (
				"${TARGET_BUILD_DIR}/${FRAMEWORKS_FOLDER_PATH}/Alamofire.framework",
			);
			runOnlyForDeploymentPostprocessing = 0;
			shellPath = /bin/sh;
			shellScript = "\"${SRCROOT}/Pods/Target Support Files/Pods-SHNetworlLayer/Pods-SHNetworlLayer-frameworks.sh\"\n";
			showEnvVarsInLog = 0;
		};
		BAD36557DE7B5574379E247A /* [CP] Check Pods Manifest.lock */ = {
			isa = PBXShellScriptBuildPhase;
			buildActionMask = 2147483647;
			files = (
			);
			inputFileListPaths = (
			);
			inputPaths = (
				"${PODS_PODFILE_DIR_PATH}/Podfile.lock",
				"${PODS_ROOT}/Manifest.lock",
			);
			name = "[CP] Check Pods Manifest.lock";
			outputFileListPaths = (
			);
			outputPaths = (
				"$(DERIVED_FILE_DIR)/Pods-SHNetworlLayer-checkManifestLockResult.txt",
			);
			runOnlyForDeploymentPostprocessing = 0;
			shellPath = /bin/sh;
			shellScript = "diff \"${PODS_PODFILE_DIR_PATH}/Podfile.lock\" \"${PODS_ROOT}/Manifest.lock\" > /dev/null\nif [ $? != 0 ] ; then\n    # print error to STDERR\n    echo \"error: The sandbox is not in sync with the Podfile.lock. Run 'pod install' or update your CocoaPods installation.\" >&2\n    exit 1\nfi\n# This output is used by Xcode 'outputs' to avoid re-running this script phase.\necho \"SUCCESS\" > \"${SCRIPT_OUTPUT_FILE_0}\"\n";
			showEnvVarsInLog = 0;
		};
/* End PBXShellScriptBuildPhase section */

/* Begin PBXSourcesBuildPhase section */
		9BD998B721F301E9008AC871 /* Sources */ = {
			isa = PBXSourcesBuildPhase;
			buildActionMask = 2147483647;
			files = (
				9BD998EF21F38A80008AC871 /* DateFormatter.swift in Sources */,
				9BD998C121F301E9008AC871 /* ViewController.swift in Sources */,
				9BD998BF21F301E9008AC871 /* AppDelegate.swift in Sources */,
				9BD998F221F3AC41008AC871 /* APIRouteConfiguration.swift in Sources */,
				9BD998E921F389FE008AC871 /* Article.swift in Sources */,
				9BD998F821F3B2BD008AC871 /* UserEndPoints.swift in Sources */,
				9BD998FB21F3B55F008AC871 /* JobEndpoints.swift in Sources */,
				9BD9990121F45BE3008AC871 /* WorkItems.swift in Sources */,
				9BD998FE21F3C7AC008AC871 /* Job.swift in Sources */,
				9BD998E021F37D1A008AC871 /* SHRestClient.swift in Sources */,
				9BD998E621F387FC008AC871 /* User.swift in Sources */,
				9BD998EC21F38A37008AC871 /* Category.swift in Sources */,
			);
			runOnlyForDeploymentPostprocessing = 0;
		};
		9BD998CB21F301EB008AC871 /* Sources */ = {
			isa = PBXSourcesBuildPhase;
			buildActionMask = 2147483647;
			files = (
				9BD998F021F38A80008AC871 /* DateFormatter.swift in Sources */,
				9BD998F921F3B2BD008AC871 /* UserEndPoints.swift in Sources */,
				9BD998EA21F389FE008AC871 /* Article.swift in Sources */,
				9BD998ED21F38A37008AC871 /* Category.swift in Sources */,
				9BD998D421F301EB008AC871 /* SHNetworlLayerTests.swift in Sources */,
				9BD998F321F3AC41008AC871 /* APIRouteConfiguration.swift in Sources */,
				9BD998E721F387FC008AC871 /* User.swift in Sources */,
				9BD998FC21F3B55F008AC871 /* JobEndpoints.swift in Sources */,
				9BD998FF21F3C7AC008AC871 /* Job.swift in Sources */,
				9BD9990221F45BE3008AC871 /* WorkItems.swift in Sources */,
			);
			runOnlyForDeploymentPostprocessing = 0;
		};
/* End PBXSourcesBuildPhase section */

/* Begin PBXTargetDependency section */
		9BD998D121F301EB008AC871 /* PBXTargetDependency */ = {
			isa = PBXTargetDependency;
			target = 9BD998BA21F301E9008AC871 /* SHNetworlLayer */;
			targetProxy = 9BD998D021F301EB008AC871 /* PBXContainerItemProxy */;
		};
/* End PBXTargetDependency section */

/* Begin PBXVariantGroup section */
		9BD998C221F301E9008AC871 /* Main.storyboard */ = {
			isa = PBXVariantGroup;
			children = (
				9BD998C321F301E9008AC871 /* Base */,
			);
			name = Main.storyboard;
			sourceTree = "<group>";
		};
		9BD998C721F301EB008AC871 /* LaunchScreen.storyboard */ = {
			isa = PBXVariantGroup;
			children = (
				9BD998C821F301EB008AC871 /* Base */,
			);
			name = LaunchScreen.storyboard;
			sourceTree = "<group>";
		};
/* End PBXVariantGroup section */

/* Begin XCBuildConfiguration section */
		9BD998D621F301EB008AC871 /* Debug */ = {
			isa = XCBuildConfiguration;
			buildSettings = {
				ALWAYS_SEARCH_USER_PATHS = NO;
				CLANG_ANALYZER_NONNULL = YES;
				CLANG_ANALYZER_NUMBER_OBJECT_CONVERSION = YES_AGGRESSIVE;
				CLANG_CXX_LANGUAGE_STANDARD = "gnu++14";
				CLANG_CXX_LIBRARY = "libc++";
				CLANG_ENABLE_MODULES = YES;
				CLANG_ENABLE_OBJC_ARC = YES;
				CLANG_ENABLE_OBJC_WEAK = YES;
				CLANG_WARN_BLOCK_CAPTURE_AUTORELEASING = YES;
				CLANG_WARN_BOOL_CONVERSION = YES;
				CLANG_WARN_COMMA = YES;
				CLANG_WARN_CONSTANT_CONVERSION = YES;
				CLANG_WARN_DEPRECATED_OBJC_IMPLEMENTATIONS = YES;
				CLANG_WARN_DIRECT_OBJC_ISA_USAGE = YES_ERROR;
				CLANG_WARN_DOCUMENTATION_COMMENTS = YES;
				CLANG_WARN_EMPTY_BODY = YES;
				CLANG_WARN_ENUM_CONVERSION = YES;
				CLANG_WARN_INFINITE_RECURSION = YES;
				CLANG_WARN_INT_CONVERSION = YES;
				CLANG_WARN_NON_LITERAL_NULL_CONVERSION = YES;
				CLANG_WARN_OBJC_IMPLICIT_RETAIN_SELF = YES;
				CLANG_WARN_OBJC_LITERAL_CONVERSION = YES;
				CLANG_WARN_OBJC_ROOT_CLASS = YES_ERROR;
				CLANG_WARN_RANGE_LOOP_ANALYSIS = YES;
				CLANG_WARN_STRICT_PROTOTYPES = YES;
				CLANG_WARN_SUSPICIOUS_MOVE = YES;
				CLANG_WARN_UNGUARDED_AVAILABILITY = YES_AGGRESSIVE;
				CLANG_WARN_UNREACHABLE_CODE = YES;
				CLANG_WARN__DUPLICATE_METHOD_MATCH = YES;
				CODE_SIGN_IDENTITY = "iPhone Developer";
				COPY_PHASE_STRIP = NO;
				DEBUG_INFORMATION_FORMAT = dwarf;
				ENABLE_STRICT_OBJC_MSGSEND = YES;
				ENABLE_TESTABILITY = YES;
				GCC_C_LANGUAGE_STANDARD = gnu11;
				GCC_DYNAMIC_NO_PIC = NO;
				GCC_NO_COMMON_BLOCKS = YES;
				GCC_OPTIMIZATION_LEVEL = 0;
				GCC_PREPROCESSOR_DEFINITIONS = (
					"DEBUG=1",
					"$(inherited)",
				);
				GCC_WARN_64_TO_32_BIT_CONVERSION = YES;
				GCC_WARN_ABOUT_RETURN_TYPE = YES_ERROR;
				GCC_WARN_UNDECLARED_SELECTOR = YES;
				GCC_WARN_UNINITIALIZED_AUTOS = YES_AGGRESSIVE;
				GCC_WARN_UNUSED_FUNCTION = YES;
				GCC_WARN_UNUSED_VARIABLE = YES;
				IPHONEOS_DEPLOYMENT_TARGET = 10.0;
				MTL_ENABLE_DEBUG_INFO = INCLUDE_SOURCE;
				MTL_FAST_MATH = YES;
				ONLY_ACTIVE_ARCH = YES;
				SDKROOT = iphoneos;
				SWIFT_ACTIVE_COMPILATION_CONDITIONS = DEBUG;
				SWIFT_OPTIMIZATION_LEVEL = "-Onone";
			};
			name = Debug;
		};
		9BD998D721F301EB008AC871 /* Release */ = {
			isa = XCBuildConfiguration;
			buildSettings = {
				ALWAYS_SEARCH_USER_PATHS = NO;
				CLANG_ANALYZER_NONNULL = YES;
				CLANG_ANALYZER_NUMBER_OBJECT_CONVERSION = YES_AGGRESSIVE;
				CLANG_CXX_LANGUAGE_STANDARD = "gnu++14";
				CLANG_CXX_LIBRARY = "libc++";
				CLANG_ENABLE_MODULES = YES;
				CLANG_ENABLE_OBJC_ARC = YES;
				CLANG_ENABLE_OBJC_WEAK = YES;
				CLANG_WARN_BLOCK_CAPTURE_AUTORELEASING = YES;
				CLANG_WARN_BOOL_CONVERSION = YES;
				CLANG_WARN_COMMA = YES;
				CLANG_WARN_CONSTANT_CONVERSION = YES;
				CLANG_WARN_DEPRECATED_OBJC_IMPLEMENTATIONS = YES;
				CLANG_WARN_DIRECT_OBJC_ISA_USAGE = YES_ERROR;
				CLANG_WARN_DOCUMENTATION_COMMENTS = YES;
				CLANG_WARN_EMPTY_BODY = YES;
				CLANG_WARN_ENUM_CONVERSION = YES;
				CLANG_WARN_INFINITE_RECURSION = YES;
				CLANG_WARN_INT_CONVERSION = YES;
				CLANG_WARN_NON_LITERAL_NULL_CONVERSION = YES;
				CLANG_WARN_OBJC_IMPLICIT_RETAIN_SELF = YES;
				CLANG_WARN_OBJC_LITERAL_CONVERSION = YES;
				CLANG_WARN_OBJC_ROOT_CLASS = YES_ERROR;
				CLANG_WARN_RANGE_LOOP_ANALYSIS = YES;
				CLANG_WARN_STRICT_PROTOTYPES = YES;
				CLANG_WARN_SUSPICIOUS_MOVE = YES;
				CLANG_WARN_UNGUARDED_AVAILABILITY = YES_AGGRESSIVE;
				CLANG_WARN_UNREACHABLE_CODE = YES;
				CLANG_WARN__DUPLICATE_METHOD_MATCH = YES;
				CODE_SIGN_IDENTITY = "iPhone Developer";
				COPY_PHASE_STRIP = NO;
				DEBUG_INFORMATION_FORMAT = "dwarf-with-dsym";
				ENABLE_NS_ASSERTIONS = NO;
				ENABLE_STRICT_OBJC_MSGSEND = YES;
				GCC_C_LANGUAGE_STANDARD = gnu11;
				GCC_NO_COMMON_BLOCKS = YES;
				GCC_WARN_64_TO_32_BIT_CONVERSION = YES;
				GCC_WARN_ABOUT_RETURN_TYPE = YES_ERROR;
				GCC_WARN_UNDECLARED_SELECTOR = YES;
				GCC_WARN_UNINITIALIZED_AUTOS = YES_AGGRESSIVE;
				GCC_WARN_UNUSED_FUNCTION = YES;
				GCC_WARN_UNUSED_VARIABLE = YES;
				IPHONEOS_DEPLOYMENT_TARGET = 10.0;
				MTL_ENABLE_DEBUG_INFO = NO;
				MTL_FAST_MATH = YES;
				SDKROOT = iphoneos;
				SWIFT_COMPILATION_MODE = wholemodule;
				SWIFT_OPTIMIZATION_LEVEL = "-O";
				VALIDATE_PRODUCT = YES;
			};
			name = Release;
		};
		9BD998D921F301EB008AC871 /* Debug */ = {
			isa = XCBuildConfiguration;
			baseConfigurationReference = CE3B28D07FF77C8AF6715A30 /* Pods-SHNetworlLayer.debug.xcconfig */;
			buildSettings = {
				ASSETCATALOG_COMPILER_APPICON_NAME = AppIcon;
				CODE_SIGN_STYLE = Automatic;
				INFOPLIST_FILE = SHNetworlLayer/Info.plist;
				LD_RUNPATH_SEARCH_PATHS = (
					"$(inherited)",
					"@executable_path/Frameworks",
				);
				PRODUCT_BUNDLE_IDENTIFIER = com.shashi.SHNetworlLayer;
				PRODUCT_NAME = "$(TARGET_NAME)";
				SWIFT_VERSION = 4.2;
				TARGETED_DEVICE_FAMILY = "1,2";
			};
			name = Debug;
		};
		9BD998DA21F301EB008AC871 /* Release */ = {
			isa = XCBuildConfiguration;
			baseConfigurationReference = 828149DEF8D99D3A47F8575B /* Pods-SHNetworlLayer.release.xcconfig */;
			buildSettings = {
				ASSETCATALOG_COMPILER_APPICON_NAME = AppIcon;
				CODE_SIGN_STYLE = Automatic;
				INFOPLIST_FILE = SHNetworlLayer/Info.plist;
				LD_RUNPATH_SEARCH_PATHS = (
					"$(inherited)",
					"@executable_path/Frameworks",
				);
				PRODUCT_BUNDLE_IDENTIFIER = com.shashi.SHNetworlLayer;
				PRODUCT_NAME = "$(TARGET_NAME)";
				SWIFT_VERSION = 4.2;
				TARGETED_DEVICE_FAMILY = "1,2";
			};
			name = Release;
		};
		9BD998DC21F301EB008AC871 /* Debug */ = {
			isa = XCBuildConfiguration;
			baseConfigurationReference = 20B98297B7665415F613F6ED /* Pods-SHNetworlLayerTests.debug.xcconfig */;
			buildSettings = {
				ALWAYS_EMBED_SWIFT_STANDARD_LIBRARIES = YES;
				BUNDLE_LOADER = "$(TEST_HOST)";
				CODE_SIGN_STYLE = Automatic;
				INFOPLIST_FILE = SHNetworlLayerTests/Info.plist;
				LD_RUNPATH_SEARCH_PATHS = (
					"$(inherited)",
					"@executable_path/Frameworks",
					"@loader_path/Frameworks",
				);
				PRODUCT_BUNDLE_IDENTIFIER = com.shashi.SHNetworlLayerTests;
				PRODUCT_NAME = "$(TARGET_NAME)";
				SWIFT_VERSION = 4.2;
				TARGETED_DEVICE_FAMILY = "1,2";
				TEST_HOST = "$(BUILT_PRODUCTS_DIR)/SHNetworlLayer.app/SHNetworlLayer";
			};
			name = Debug;
		};
		9BD998DD21F301EB008AC871 /* Release */ = {
			isa = XCBuildConfiguration;
			baseConfigurationReference = 5936C5CC24324BA7A0AF6A6A /* Pods-SHNetworlLayerTests.release.xcconfig */;
			buildSettings = {
				ALWAYS_EMBED_SWIFT_STANDARD_LIBRARIES = YES;
				BUNDLE_LOADER = "$(TEST_HOST)";
				CODE_SIGN_STYLE = Automatic;
				INFOPLIST_FILE = SHNetworlLayerTests/Info.plist;
				LD_RUNPATH_SEARCH_PATHS = (
					"$(inherited)",
					"@executable_path/Frameworks",
					"@loader_path/Frameworks",
				);
				PRODUCT_BUNDLE_IDENTIFIER = com.shashi.SHNetworlLayerTests;
				PRODUCT_NAME = "$(TARGET_NAME)";
				SWIFT_VERSION = 4.2;
				TARGETED_DEVICE_FAMILY = "1,2";
				TEST_HOST = "$(BUILT_PRODUCTS_DIR)/SHNetworlLayer.app/SHNetworlLayer";
			};
			name = Release;
		};
/* End XCBuildConfiguration section */

/* Begin XCConfigurationList section */
		9BD998B621F301E9008AC871 /* Build configuration list for PBXProject "SHNetworlLayer" */ = {
			isa = XCConfigurationList;
			buildConfigurations = (
				9BD998D621F301EB008AC871 /* Debug */,
				9BD998D721F301EB008AC871 /* Release */,
			);
			defaultConfigurationIsVisible = 0;
			defaultConfigurationName = Release;
		};
		9BD998D821F301EB008AC871 /* Build configuration list for PBXNativeTarget "SHNetworlLayer" */ = {
			isa = XCConfigurationList;
			buildConfigurations = (
				9BD998D921F301EB008AC871 /* Debug */,
				9BD998DA21F301EB008AC871 /* Release */,
			);
			defaultConfigurationIsVisible = 0;
			defaultConfigurationName = Release;
		};
		9BD998DB21F301EB008AC871 /* Build configuration list for PBXNativeTarget "SHNetworlLayerTests" */ = {
			isa = XCConfigurationList;
			buildConfigurations = (
				9BD998DC21F301EB008AC871 /* Debug */,
				9BD998DD21F301EB008AC871 /* Release */,
			);
			defaultConfigurationIsVisible = 0;
			defaultConfigurationName = Release;
		};
/* End XCConfigurationList section */
	};
	rootObject = 9BD998B321F301E9008AC871 /* Project object */;
}
